
Microsoft Visual Studio Solution File, Format Version 12.00
# Visual Studio 15
VisualStudioVersion = 15.0.27428.2037
MinimumVisualStudioVersion = 10.0.40219.1
Project("{FAE04EC0-301F-11D3-BF4B-00C04F79EFBC}") = "JavLibraryDownloader", "JavLibraryDownloader\JavLibraryDownloader.csproj", "{E4C70E94-C30A-4788-AFBF-23E374B4B17F}"
EndProject
Project("{FAE04EC0-301F-11D3-BF4B-00C04F79EFBC}") = "DataBaseManager", "DataBaseManager\DataBaseManager.csproj", "{4C6184D9-D4AE-42EE-8270-3401ADB22FE0}"
EndProject
Project("{FAE04EC0-301F-11D3-BF4B-00C04F79EFBC}") = "Model", "Model\Model.csproj", "{144C6554-CF3B-49AF-9A8C-926A99E633BE}"
EndProject
Project("{FAE04EC0-301F-11D3-BF4B-00C04F79EFBC}") = "Utils", "Utils\Utils.csproj", "{85E3D89D-603E-4992-B266-E2CD3C8B4209}"
EndProject
Project("{FAE04EC0-301F-11D3-BF4B-00C04F79EFBC}") = "SisDownload", "SisDownload\SisDownload.csproj", "{77D7D986-D72E-4968-91DD-3369348E4112}"
EndProject
Project("{FAE04EC0-301F-11D3-BF4B-00C04F79EFBC}") = "BrowseAndDownload", "BrowseAndDownload\BrowseAndDownload\BrowseAndDownload.csproj", "{57AC8E4A-2AC8-49C2-A7C7-96F47D2362DE}"
EndProject
Project("{FAE04EC0-301F-11D3-BF4B-00C04F79EFBC}") = "ScanAllAndMatch", "ScanAllAndMatch\ScanAllAndMatch.csproj", "{6C4F002E-10BA-4E3F-850D-677455A0DB7E}"
EndProject
Project("{FAE04EC0-301F-11D3-BF4B-00C04F79EFBC}") = "FindMovie", "FindMovie\FindMovie\FindMovie.csproj", "{5292D986-F728-49F1-9E11-6BA11ED028D2}"
EndProject
Project("{FAE04EC0-301F-11D3-BF4B-00C04F79EFBC}") = "JavBroswer", "JavBroswer\JavBroswer.csproj", "{480491CD-82F0-4A62-B74E-AF1D8D7AB5B0}"
EndProject
Project("{FAE04EC0-301F-11D3-BF4B-00C04F79EFBC}") = "PlayRecent", "PlayRecent\PlayRecent.csproj", "{79C3F6B6-55FF-4B29-A16E-B5D2E63BBFD3}"
EndProject
Project("{FAE04EC0-301F-11D3-BF4B-00C04F79EFBC}") = "AvManager", "AvManager\AvManager.csproj", "{98914D21-B7BD-4DF6-BE28-8B84A278CA29}"
EndProject
Project("{FAE04EC0-301F-11D3-BF4B-00C04F79EFBC}") = "SizeOfEachFolder", "SizeOfEachFolder\SizeOfEachFolder.csproj", "{AE78314A-31FC-421D-9C0B-FEE9A2834A10}"
EndProject
Project("{FAE04EC0-301F-11D3-BF4B-00C04F79EFBC}") = "UnitTest", "UnitTest\UnitTest.csproj", "{936B306A-F276-42DA-8B76-3E8672D73D7D}"
EndProject
Project("{FAE04EC0-301F-11D3-BF4B-00C04F79EFBC}") = "DetectPossibleName", "DetectPossibleName\DetectPossibleName.csproj", "{C27FACD1-36F0-480F-9559-565083FB749C}"
EndProject
Project("{FAE04EC0-301F-11D3-BF4B-00C04F79EFBC}") = "AvPlayer", "AvPlayer\AvPlayer.csproj", "{217F6333-FF6C-4A2A-9A0B-8F98CDF908A6}"
EndProject
Project("{FAE04EC0-301F-11D3-BF4B-00C04F79EFBC}") = "FIleChangeMonitor", "FIleChangeMonitor\FIleChangeMonitor.csproj", "{D77E5B97-274F-464C-ADD0-93A754B447F2}"
EndProject
Project("{FAE04EC0-301F-11D3-BF4B-00C04F79EFBC}") = "BookDownloader", "BookDownloader\BookDownloader.csproj", "{BA5A4EB7-DDC0-4BFB-B2F5-45AF95DC6406}"
EndProject
Project("{FAE04EC0-301F-11D3-BF4B-00C04F79EFBC}") = "AvReName", "AvReName\AvReName.csproj", "{D06B46D2-CF18-4766-B23A-2A92D26C76B6}"
EndProject
Project("{FAE04EC0-301F-11D3-BF4B-00C04F79EFBC}") = "AvMover", "AvMover\AvMover.csproj", "{690666FB-7E41-43CC-A637-BB4438055375}"
EndProject
Global
	GlobalSection(SolutionConfigurationPlatforms) = preSolution
		Debug|Any CPU = Debug|Any CPU
		Release|Any CPU = Release|Any CPU
	EndGlobalSection
	GlobalSection(ProjectConfigurationPlatforms) = postSolution
		{E4C70E94-C30A-4788-AFBF-23E374B4B17F}.Debug|Any CPU.ActiveCfg = Debug|Any CPU
		{E4C70E94-C30A-4788-AFBF-23E374B4B17F}.Debug|Any CPU.Build.0 = Debug|Any CPU
		{E4C70E94-C30A-4788-AFBF-23E374B4B17F}.Release|Any CPU.ActiveCfg = Debug|Any CPU
		{E4C70E94-C30A-4788-AFBF-23E374B4B17F}.Release|Any CPU.Build.0 = Debug|Any CPU
		{4C6184D9-D4AE-42EE-8270-3401ADB22FE0}.Debug|Any CPU.ActiveCfg = Debug|Any CPU
		{4C6184D9-D4AE-42EE-8270-3401ADB22FE0}.Debug|Any CPU.Build.0 = Debug|Any CPU
		{4C6184D9-D4AE-42EE-8270-3401ADB22FE0}.Release|Any CPU.ActiveCfg = Debug|Any CPU
		{4C6184D9-D4AE-42EE-8270-3401ADB22FE0}.Release|Any CPU.Build.0 = Debug|Any CPU
		{144C6554-CF3B-49AF-9A8C-926A99E633BE}.Debug|Any CPU.ActiveCfg = Debug|Any CPU
		{144C6554-CF3B-49AF-9A8C-926A99E633BE}.Debug|Any CPU.Build.0 = Debug|Any CPU
		{144C6554-CF3B-49AF-9A8C-926A99E633BE}.Release|Any CPU.ActiveCfg = Debug|Any CPU
		{144C6554-CF3B-49AF-9A8C-926A99E633BE}.Release|Any CPU.Build.0 = Debug|Any CPU
		{85E3D89D-603E-4992-B266-E2CD3C8B4209}.Debug|Any CPU.ActiveCfg = Debug|Any CPU
		{85E3D89D-603E-4992-B266-E2CD3C8B4209}.Debug|Any CPU.Build.0 = Debug|Any CPU
		{85E3D89D-603E-4992-B266-E2CD3C8B4209}.Release|Any CPU.ActiveCfg = Debug|Any CPU
		{85E3D89D-603E-4992-B266-E2CD3C8B4209}.Release|Any CPU.Build.0 = Debug|Any CPU
		{77D7D986-D72E-4968-91DD-3369348E4112}.Debug|Any CPU.ActiveCfg = Debug|Any CPU
		{77D7D986-D72E-4968-91DD-3369348E4112}.Debug|Any CPU.Build.0 = Debug|Any CPU
		{77D7D986-D72E-4968-91DD-3369348E4112}.Release|Any CPU.ActiveCfg = Debug|Any CPU
		{77D7D986-D72E-4968-91DD-3369348E4112}.Release|Any CPU.Build.0 = Debug|Any CPU
		{57AC8E4A-2AC8-49C2-A7C7-96F47D2362DE}.Debug|Any CPU.ActiveCfg = Debug|Any CPU
		{57AC8E4A-2AC8-49C2-A7C7-96F47D2362DE}.Debug|Any CPU.Build.0 = Debug|Any CPU
		{57AC8E4A-2AC8-49C2-A7C7-96F47D2362DE}.Release|Any CPU.ActiveCfg = Debug|Any CPU
		{57AC8E4A-2AC8-49C2-A7C7-96F47D2362DE}.Release|Any CPU.Build.0 = Debug|Any CPU
		{6C4F002E-10BA-4E3F-850D-677455A0DB7E}.Debug|Any CPU.ActiveCfg = Debug|Any CPU
		{6C4F002E-10BA-4E3F-850D-677455A0DB7E}.Debug|Any CPU.Build.0 = Debug|Any CPU
		{6C4F002E-10BA-4E3F-850D-677455A0DB7E}.Release|Any CPU.ActiveCfg = Debug|Any CPU
		{6C4F002E-10BA-4E3F-850D-677455A0DB7E}.Release|Any CPU.Build.0 = Debug|Any CPU
		{5292D986-F728-49F1-9E11-6BA11ED028D2}.Debug|Any CPU.ActiveCfg = Debug|Any CPU
		{5292D986-F728-49F1-9E11-6BA11ED028D2}.Debug|Any CPU.Build.0 = Debug|Any CPU
		{5292D986-F728-49F1-9E11-6BA11ED028D2}.Release|Any CPU.ActiveCfg = Debug|Any CPU
		{5292D986-F728-49F1-9E11-6BA11ED028D2}.Release|Any CPU.Build.0 = Debug|Any CPU
		{480491CD-82F0-4A62-B74E-AF1D8D7AB5B0}.Debug|Any CPU.ActiveCfg = Debug|Any CPU
		{480491CD-82F0-4A62-B74E-AF1D8D7AB5B0}.Debug|Any CPU.Build.0 = Debug|Any CPU
		{480491CD-82F0-4A62-B74E-AF1D8D7AB5B0}.Release|Any CPU.ActiveCfg = Debug|Any CPU
		{480491CD-82F0-4A62-B74E-AF1D8D7AB5B0}.Release|Any CPU.Build.0 = Debug|Any CPU
		{79C3F6B6-55FF-4B29-A16E-B5D2E63BBFD3}.Debug|Any CPU.ActiveCfg = Debug|Any CPU
		{79C3F6B6-55FF-4B29-A16E-B5D2E63BBFD3}.Debug|Any CPU.Build.0 = Debug|Any CPU
		{79C3F6B6-55FF-4B29-A16E-B5D2E63BBFD3}.Release|Any CPU.ActiveCfg = Debug|Any CPU
		{79C3F6B6-55FF-4B29-A16E-B5D2E63BBFD3}.Release|Any CPU.Build.0 = Debug|Any CPU
		{98914D21-B7BD-4DF6-BE28-8B84A278CA29}.Debug|Any CPU.ActiveCfg = Debug|Any CPU
		{98914D21-B7BD-4DF6-BE28-8B84A278CA29}.Debug|Any CPU.Build.0 = Debug|Any CPU
		{98914D21-B7BD-4DF6-BE28-8B84A278CA29}.Release|Any CPU.ActiveCfg = Debug|Any CPU
		{98914D21-B7BD-4DF6-BE28-8B84A278CA29}.Release|Any CPU.Build.0 = Debug|Any CPU
		{AE78314A-31FC-421D-9C0B-FEE9A2834A10}.Debug|Any CPU.ActiveCfg = Debug|Any CPU
		{AE78314A-31FC-421D-9C0B-FEE9A2834A10}.Debug|Any CPU.Build.0 = Debug|Any CPU
		{AE78314A-31FC-421D-9C0B-FEE9A2834A10}.Release|Any CPU.ActiveCfg = Debug|Any CPU
		{AE78314A-31FC-421D-9C0B-FEE9A2834A10}.Release|Any CPU.Build.0 = Debug|Any CPU
		{936B306A-F276-42DA-8B76-3E8672D73D7D}.Debug|Any CPU.ActiveCfg = Debug|Any CPU
		{936B306A-F276-42DA-8B76-3E8672D73D7D}.Debug|Any CPU.Build.0 = Debug|Any CPU
		{936B306A-F276-42DA-8B76-3E8672D73D7D}.Release|Any CPU.ActiveCfg = Debug|Any CPU
		{936B306A-F276-42DA-8B76-3E8672D73D7D}.Release|Any CPU.Build.0 = Debug|Any CPU
		{C27FACD1-36F0-480F-9559-565083FB749C}.Debug|Any CPU.ActiveCfg = Debug|Any CPU
		{C27FACD1-36F0-480F-9559-565083FB749C}.Debug|Any CPU.Build.0 = Debug|Any CPU
		{C27FACD1-36F0-480F-9559-565083FB749C}.Release|Any CPU.ActiveCfg = Debug|Any CPU
		{C27FACD1-36F0-480F-9559-565083FB749C}.Release|Any CPU.Build.0 = Debug|Any CPU
		{217F6333-FF6C-4A2A-9A0B-8F98CDF908A6}.Debug|Any CPU.ActiveCfg = Debug|Any CPU
		{217F6333-FF6C-4A2A-9A0B-8F98CDF908A6}.Debug|Any CPU.Build.0 = Debug|Any CPU
		{217F6333-FF6C-4A2A-9A0B-8F98CDF908A6}.Release|Any CPU.ActiveCfg = Debug|Any CPU
		{217F6333-FF6C-4A2A-9A0B-8F98CDF908A6}.Release|Any CPU.Build.0 = Debug|Any CPU
		{D77E5B97-274F-464C-ADD0-93A754B447F2}.Debug|Any CPU.ActiveCfg = Debug|Any CPU
		{D77E5B97-274F-464C-ADD0-93A754B447F2}.Debug|Any CPU.Build.0 = Debug|Any CPU
		{D77E5B97-274F-464C-ADD0-93A754B447F2}.Release|Any CPU.ActiveCfg = Release|Any CPU
		{D77E5B97-274F-464C-ADD0-93A754B447F2}.Release|Any CPU.Build.0 = Release|Any CPU
		{BA5A4EB7-DDC0-4BFB-B2F5-45AF95DC6406}.Debug|Any CPU.ActiveCfg = Debug|Any CPU
		{BA5A4EB7-DDC0-4BFB-B2F5-45AF95DC6406}.Debug|Any CPU.Build.0 = Debug|Any CPU
		{BA5A4EB7-DDC0-4BFB-B2F5-45AF95DC6406}.Release|Any CPU.ActiveCfg = Release|Any CPU
		{BA5A4EB7-DDC0-4BFB-B2F5-45AF95DC6406}.Release|Any CPU.Build.0 = Release|Any CPU
		{D06B46D2-CF18-4766-B23A-2A92D26C76B6}.Debug|Any CPU.ActiveCfg = Debug|Any CPU
		{D06B46D2-CF18-4766-B23A-2A92D26C76B6}.Debug|Any CPU.Build.0 = Debug|Any CPU
		{D06B46D2-CF18-4766-B23A-2A92D26C76B6}.Release|Any CPU.ActiveCfg = Release|Any CPU
		{D06B46D2-CF18-4766-B23A-2A92D26C76B6}.Release|Any CPU.Build.0 = Release|Any CPU
		{690666FB-7E41-43CC-A637-BB4438055375}.Debug|Any CPU.ActiveCfg = Debug|Any CPU
		{690666FB-7E41-43CC-A637-BB4438055375}.Debug|Any CPU.Build.0 = Debug|Any CPU
		{690666FB-7E41-43CC-A637-BB4438055375}.Release|Any CPU.ActiveCfg = Release|Any CPU
		{690666FB-7E41-43CC-A637-BB4438055375}.Release|Any CPU.Build.0 = Release|Any CPU
	EndGlobalSection
	GlobalSection(SolutionProperties) = preSolution
		HideSolutionNode = FALSE
	EndGlobalSection
	GlobalSection(ExtensibilityGlobals) = postSolution
		SolutionGuid = {C3209A18-E48F-4413-9F57-DFA9380E8D97}
	EndGlobalSection
EndGlobal
